
Microsoft Visual Studio Solution File, Format Version 12.00
# Visual Studio 15
Project("{FAE04EC0-301F-11D3-BF4B-00C04F79EFBC}") = "Assembly-CSharp", "Assembly-CSharp.csproj", "{9F8918B9-5FC0-7B3F-8148-B3C71C21E178}"
EndProject
Project("{FAE04EC0-301F-11D3-BF4B-00C04F79EFBC}") = "Assembly-CSharp-Editor", "Assembly-CSharp-Editor.csproj", "{830B39D5-55E4-D9BB-0759-A498428B1A91}"
EndProject
Global
	GlobalSection(SolutionConfigurationPlatforms) = preSolution
		Debug|Any CPU = Debug|Any CPU
		Release|Any CPU = Release|Any CPU
	EndGlobalSection
	GlobalSection(ProjectConfigurationPlatforms) = postSolution
		{9F8918B9-5FC0-7B3F-8148-B3C71C21E178}.Debug|Any CPU.ActiveCfg = Debug|Any CPU
		{9F8918B9-5FC0-7B3F-8148-B3C71C21E178}.Debug|Any CPU.Build.0 = Debug|Any CPU
		{9F8918B9-5FC0-7B3F-8148-B3C71C21E178}.Release|Any CPU.ActiveCfg = Release|Any CPU
		{9F8918B9-5FC0-7B3F-8148-B3C71C21E178}.Release|Any CPU.Build.0 = Release|Any CPU
		{830B39D5-55E4-D9BB-0759-A498428B1A91}.Debug|Any CPU.ActiveCfg = Debug|Any CPU
		{830B39D5-55E4-D9BB-0759-A498428B1A91}.Debug|Any CPU.Build.0 = Debug|Any CPU
		{830B39D5-55E4-D9BB-0759-A498428B1A91}.Release|Any CPU.ActiveCfg = Release|Any CPU
		{830B39D5-55E4-D9BB-0759-A498428B1A91}.Release|Any CPU.Build.0 = Release|Any CPU
	EndGlobalSection
	GlobalSection(SolutionProperties) = preSolution
		HideSolutionNode = FALSE
	EndGlobalSection
EndGlobal
